
Microsoft Visual Studio Solution File, Format Version 12.00
# Visual Studio 14
VisualStudioVersion = 14.0.24720.0
MinimumVisualStudioVersion = 10.0.40219.1
Project("{FAE04EC0-301F-11D3-BF4B-00C04F79EFBC}") = "CLI", "Source\CLI\CLI.csproj", "{3C31B018-4C38-48A5-99A7-48006E6C5281}"
EndProject
Project("{FAE04EC0-301F-11D3-BF4B-00C04F79EFBC}") = "Player", "Source\Player\Player.csproj", "{967CB0DF-7EBA-49EF-8E5C-2CD45686208F}"
EndProject
Project("{FAE04EC0-301F-11D3-BF4B-00C04F79EFBC}") = "Engine", "Source\Engine\Engine.csproj", "{04DE8D27-E013-4406-8C3B-6438C3D41D68}"
EndProject
Project("{FAE04EC0-301F-11D3-BF4B-00C04F79EFBC}") = "MediaPortalPlugin", "Source\MediaPortalPlugin\MediaPortalPlugin.csproj", "{F6F2247D-60E0-4528-9CAA-29804C49AE98}"
EndProject
Project("{2150E333-8FDC-42A3-9474-1A3956D46DE8}") = "MediaPortal Plugin", "MediaPortal Plugin", "{18224C94-B259-421A-9876-AF5C7ED92C24}"
EndProject
Project("{FAE04EC0-301F-11D3-BF4B-00C04F79EFBC}") = "MediaPortalPluginConfigTester", "Source\MediaPortalPluginConfigTester\MediaPortalPluginConfigTester.csproj", "{1FD081B2-7F6E-4A3D-901C-9BA9080C1499}"
EndProject
Project("{FAE04EC0-301F-11D3-BF4B-00C04F79EFBC}") = "PandoraHeaderDecoder", "Source\PandoraHeaderDecoder\PandoraHeaderDecoder.csproj", "{83FF5AD5-530E-46E8-9DBA-1B63509B130E}"
EndProject
Project("{FAE04EC0-301F-11D3-BF4B-00C04F79EFBC}") = "TrayApp", "Source\TrayApp\TrayApp.csproj", "{E14AEDB2-7CB0-487F-9034-FFC0791349D5}"
EndProject
Global
	GlobalSection(SolutionConfigurationPlatforms) = preSolution
		Debug|x86 = Debug|x86
		Release (Standalone)|x86 = Release (Standalone)|x86
		Release|x86 = Release|x86
		UseCaptureCardDefinitions|x86 = UseCaptureCardDefinitions|x86
		UseCaptureDefintionsRelease|x86 = UseCaptureDefintionsRelease|x86
	EndGlobalSection
	GlobalSection(ProjectConfigurationPlatforms) = postSolution
		{3C31B018-4C38-48A5-99A7-48006E6C5281}.Debug|x86.ActiveCfg = Debug|x86
		{3C31B018-4C38-48A5-99A7-48006E6C5281}.Debug|x86.Build.0 = Debug|x86
		{3C31B018-4C38-48A5-99A7-48006E6C5281}.Release (Standalone)|x86.ActiveCfg = Release|x86
		{3C31B018-4C38-48A5-99A7-48006E6C5281}.Release (Standalone)|x86.Build.0 = Release|x86
		{3C31B018-4C38-48A5-99A7-48006E6C5281}.Release|x86.ActiveCfg = Release|x86
		{3C31B018-4C38-48A5-99A7-48006E6C5281}.UseCaptureCardDefinitions|x86.ActiveCfg = Release|x86
		{3C31B018-4C38-48A5-99A7-48006E6C5281}.UseCaptureCardDefinitions|x86.Build.0 = Release|x86
		{3C31B018-4C38-48A5-99A7-48006E6C5281}.UseCaptureDefintionsRelease|x86.ActiveCfg = Release|x86
		{3C31B018-4C38-48A5-99A7-48006E6C5281}.UseCaptureDefintionsRelease|x86.Build.0 = Release|x86
		{967CB0DF-7EBA-49EF-8E5C-2CD45686208F}.Debug|x86.ActiveCfg = Debug|x86
		{967CB0DF-7EBA-49EF-8E5C-2CD45686208F}.Debug|x86.Build.0 = Debug|x86
		{967CB0DF-7EBA-49EF-8E5C-2CD45686208F}.Release (Standalone)|x86.ActiveCfg = Release|x86
		{967CB0DF-7EBA-49EF-8E5C-2CD45686208F}.Release (Standalone)|x86.Build.0 = Release|x86
		{967CB0DF-7EBA-49EF-8E5C-2CD45686208F}.Release|x86.ActiveCfg = Release|x86
		{967CB0DF-7EBA-49EF-8E5C-2CD45686208F}.UseCaptureCardDefinitions|x86.ActiveCfg = Release|x86
		{967CB0DF-7EBA-49EF-8E5C-2CD45686208F}.UseCaptureCardDefinitions|x86.Build.0 = Release|x86
		{967CB0DF-7EBA-49EF-8E5C-2CD45686208F}.UseCaptureDefintionsRelease|x86.ActiveCfg = Release|x86
		{967CB0DF-7EBA-49EF-8E5C-2CD45686208F}.UseCaptureDefintionsRelease|x86.Build.0 = Release|x86
		{04DE8D27-E013-4406-8C3B-6438C3D41D68}.Debug|x86.ActiveCfg = Debug|x86
		{04DE8D27-E013-4406-8C3B-6438C3D41D68}.Debug|x86.Build.0 = Debug|x86
		{04DE8D27-E013-4406-8C3B-6438C3D41D68}.Release (Standalone)|x86.ActiveCfg = Release|x86
		{04DE8D27-E013-4406-8C3B-6438C3D41D68}.Release (Standalone)|x86.Build.0 = Release|x86
		{04DE8D27-E013-4406-8C3B-6438C3D41D68}.Release|x86.ActiveCfg = Release|x86
		{04DE8D27-E013-4406-8C3B-6438C3D41D68}.Release|x86.Build.0 = Release|x86
		{04DE8D27-E013-4406-8C3B-6438C3D41D68}.UseCaptureCardDefinitions|x86.ActiveCfg = Release|x86
		{04DE8D27-E013-4406-8C3B-6438C3D41D68}.UseCaptureCardDefinitions|x86.Build.0 = Release|x86
		{04DE8D27-E013-4406-8C3B-6438C3D41D68}.UseCaptureDefintionsRelease|x86.ActiveCfg = Release|x86
		{04DE8D27-E013-4406-8C3B-6438C3D41D68}.UseCaptureDefintionsRelease|x86.Build.0 = Release|x86
		{F6F2247D-60E0-4528-9CAA-29804C49AE98}.Debug|x86.ActiveCfg = Debug|x86
		{F6F2247D-60E0-4528-9CAA-29804C49AE98}.Debug|x86.Build.0 = Debug|x86
		{F6F2247D-60E0-4528-9CAA-29804C49AE98}.Release (Standalone)|x86.ActiveCfg = Release|x86
		{F6F2247D-60E0-4528-9CAA-29804C49AE98}.Release (Standalone)|x86.Build.0 = Release|x86
		{F6F2247D-60E0-4528-9CAA-29804C49AE98}.Release|x86.ActiveCfg = Release|x86
		{F6F2247D-60E0-4528-9CAA-29804C49AE98}.Release|x86.Build.0 = Release|x86
		{F6F2247D-60E0-4528-9CAA-29804C49AE98}.UseCaptureCardDefinitions|x86.ActiveCfg = Release|x86
		{F6F2247D-60E0-4528-9CAA-29804C49AE98}.UseCaptureCardDefinitions|x86.Build.0 = Release|x86
		{F6F2247D-60E0-4528-9CAA-29804C49AE98}.UseCaptureDefintionsRelease|x86.ActiveCfg = Release|x86
		{F6F2247D-60E0-4528-9CAA-29804C49AE98}.UseCaptureDefintionsRelease|x86.Build.0 = Release|x86
		{1FD081B2-7F6E-4A3D-901C-9BA9080C1499}.Debug|x86.ActiveCfg = Debug|x86
		{1FD081B2-7F6E-4A3D-901C-9BA9080C1499}.Debug|x86.Build.0 = Debug|x86
		{1FD081B2-7F6E-4A3D-901C-9BA9080C1499}.Release (Standalone)|x86.ActiveCfg = Release|x86
		{1FD081B2-7F6E-4A3D-901C-9BA9080C1499}.Release (Standalone)|x86.Build.0 = Release|x86
		{1FD081B2-7F6E-4A3D-901C-9BA9080C1499}.Release|x86.ActiveCfg = Release|x86
		{1FD081B2-7F6E-4A3D-901C-9BA9080C1499}.Release|x86.Build.0 = Release|x86
		{1FD081B2-7F6E-4A3D-901C-9BA9080C1499}.UseCaptureCardDefinitions|x86.ActiveCfg = Release|x86
		{1FD081B2-7F6E-4A3D-901C-9BA9080C1499}.UseCaptureCardDefinitions|x86.Build.0 = Release|x86
		{1FD081B2-7F6E-4A3D-901C-9BA9080C1499}.UseCaptureDefintionsRelease|x86.ActiveCfg = Release|x86
		{1FD081B2-7F6E-4A3D-901C-9BA9080C1499}.UseCaptureDefintionsRelease|x86.Build.0 = Release|x86
		{83FF5AD5-530E-46E8-9DBA-1B63509B130E}.Debug|x86.ActiveCfg = Debug|x86
		{83FF5AD5-530E-46E8-9DBA-1B63509B130E}.Debug|x86.Build.0 = Debug|x86
		{83FF5AD5-530E-46E8-9DBA-1B63509B130E}.Release (Standalone)|x86.ActiveCfg = Release|x86
		{83FF5AD5-530E-46E8-9DBA-1B63509B130E}.Release (Standalone)|x86.Build.0 = Release|x86
		{83FF5AD5-530E-46E8-9DBA-1B63509B130E}.Release|x86.ActiveCfg = Release|x86
		{83FF5AD5-530E-46E8-9DBA-1B63509B130E}.Release|x86.Build.0 = Release|x86
		{83FF5AD5-530E-46E8-9DBA-1B63509B130E}.UseCaptureCardDefinitions|x86.ActiveCfg = Release|x86
		{83FF5AD5-530E-46E8-9DBA-1B63509B130E}.UseCaptureCardDefinitions|x86.Build.0 = Release|x86
		{83FF5AD5-530E-46E8-9DBA-1B63509B130E}.UseCaptureDefintionsRelease|x86.ActiveCfg = Release|x86
		{83FF5AD5-530E-46E8-9DBA-1B63509B130E}.UseCaptureDefintionsRelease|x86.Build.0 = Release|x86
		{E14AEDB2-7CB0-487F-9034-FFC0791349D5}.Debug|x86.ActiveCfg = Debug|x86
		{E14AEDB2-7CB0-487F-9034-FFC0791349D5}.Debug|x86.Build.0 = Debug|x86
		{E14AEDB2-7CB0-487F-9034-FFC0791349D5}.Release (Standalone)|x86.ActiveCfg = Release|x86
		{E14AEDB2-7CB0-487F-9034-FFC0791349D5}.Release (Standalone)|x86.Build.0 = Release|x86
		{E14AEDB2-7CB0-487F-9034-FFC0791349D5}.Release|x86.ActiveCfg = Release|x86
		{E14AEDB2-7CB0-487F-9034-FFC0791349D5}.UseCaptureCardDefinitions|x86.ActiveCfg = Release|x86
		{E14AEDB2-7CB0-487F-9034-FFC0791349D5}.UseCaptureCardDefinitions|x86.Build.0 = Release|x86
		{E14AEDB2-7CB0-487F-9034-FFC0791349D5}.UseCaptureDefintionsRelease|x86.ActiveCfg = Release|x86
		{E14AEDB2-7CB0-487F-9034-FFC0791349D5}.UseCaptureDefintionsRelease|x86.Build.0 = Release|x86
	EndGlobalSection
	GlobalSection(SolutionProperties) = preSolution
		HideSolutionNode = FALSE
	EndGlobalSection
	GlobalSection(NestedProjects) = preSolution
		{F6F2247D-60E0-4528-9CAA-29804C49AE98} = {18224C94-B259-421A-9876-AF5C7ED92C24}
		{1FD081B2-7F6E-4A3D-901C-9BA9080C1499} = {18224C94-B259-421A-9876-AF5C7ED92C24}
	EndGlobalSection
	GlobalSection(ExtensibilityGlobals) = postSolution
		VisualSVNWorkingCopyRoot = .
	EndGlobalSection
EndGlobal
